
Microsoft Visual Studio Solution File, Format Version 12.00
# Visual Studio Version 16
VisualStudioVersion = 16.0.31410.357
MinimumVisualStudioVersion = 10.0.40219.1
Project("{2150E333-8FDC-42A3-9474-1A3956D46DE8}") = "Services", "Services", "{D5380C25-51A0-4057-B31B-34BCF390CBC9}"
EndProject
Project("{2150E333-8FDC-42A3-9474-1A3956D46DE8}") = "Catalog", "Catalog", "{3E22E047-B311-4E7B-BCC7-BEDD2BE6DB1C}"
EndProject
Project("{9A19103F-16F7-4668-BE54-9A1E7A4F7556}") = "Catalog.API", "Services\Catalog\Catalog.API\Catalog.API.csproj", "{B5264C38-B6D4-43CF-9A87-316CB9FAE1EC}"
EndProject
Project("{E53339B2-1760-4266-BCC7-CA923CBCF16C}") = "docker-compose", "docker-compose.dcproj", "{7450354F-D33A-4F49-AAEF-191ACC0C98CE}"
EndProject
Project("{2150E333-8FDC-42A3-9474-1A3956D46DE8}") = "Basket", "Basket", "{641C44B0-7680-489D-88FD-733DF7A8EACA}"
EndProject
Project("{FAE04EC0-301F-11D3-BF4B-00C04F79EFBC}") = "Basket.API", "Services\Basket\Basket.API\Basket.API.csproj", "{7E9CC1F9-A55C-4729-8CC7-746FA652EF3F}"
EndProject
Global
	GlobalSection(SolutionConfigurationPlatforms) = preSolution
		Debug|Any CPU = Debug|Any CPU
		Release|Any CPU = Release|Any CPU
	EndGlobalSection
	GlobalSection(ProjectConfigurationPlatforms) = postSolution
		{B5264C38-B6D4-43CF-9A87-316CB9FAE1EC}.Debug|Any CPU.ActiveCfg = Debug|Any CPU
		{B5264C38-B6D4-43CF-9A87-316CB9FAE1EC}.Debug|Any CPU.Build.0 = Debug|Any CPU
		{B5264C38-B6D4-43CF-9A87-316CB9FAE1EC}.Release|Any CPU.ActiveCfg = Release|Any CPU
		{B5264C38-B6D4-43CF-9A87-316CB9FAE1EC}.Release|Any CPU.Build.0 = Release|Any CPU
		{7450354F-D33A-4F49-AAEF-191ACC0C98CE}.Debug|Any CPU.ActiveCfg = Debug|Any CPU
		{7450354F-D33A-4F49-AAEF-191ACC0C98CE}.Debug|Any CPU.Build.0 = Debug|Any CPU
		{7450354F-D33A-4F49-AAEF-191ACC0C98CE}.Release|Any CPU.ActiveCfg = Release|Any CPU
		{7450354F-D33A-4F49-AAEF-191ACC0C98CE}.Release|Any CPU.Build.0 = Release|Any CPU
		{7E9CC1F9-A55C-4729-8CC7-746FA652EF3F}.Debug|Any CPU.ActiveCfg = Debug|Any CPU
		{7E9CC1F9-A55C-4729-8CC7-746FA652EF3F}.Debug|Any CPU.Build.0 = Debug|Any CPU
		{7E9CC1F9-A55C-4729-8CC7-746FA652EF3F}.Release|Any CPU.ActiveCfg = Release|Any CPU
		{7E9CC1F9-A55C-4729-8CC7-746FA652EF3F}.Release|Any CPU.Build.0 = Release|Any CPU
	EndGlobalSection
	GlobalSection(SolutionProperties) = preSolution
		HideSolutionNode = FALSE
	EndGlobalSection
	GlobalSection(NestedProjects) = preSolution
		{3E22E047-B311-4E7B-BCC7-BEDD2BE6DB1C} = {D5380C25-51A0-4057-B31B-34BCF390CBC9}
		{B5264C38-B6D4-43CF-9A87-316CB9FAE1EC} = {3E22E047-B311-4E7B-BCC7-BEDD2BE6DB1C}
		{641C44B0-7680-489D-88FD-733DF7A8EACA} = {D5380C25-51A0-4057-B31B-34BCF390CBC9}
		{7E9CC1F9-A55C-4729-8CC7-746FA652EF3F} = {641C44B0-7680-489D-88FD-733DF7A8EACA}
	EndGlobalSection
	GlobalSection(ExtensibilityGlobals) = postSolution
		SolutionGuid = {C5F7A12D-4C04-4DC7-BFD6-83218A05FF9A}
	EndGlobalSection
EndGlobal
